// !$*UTF8*$!
{
	archiveVersion = 1;
	classes = {
	};
	objectVersion = 56;
	objects = {

/* Begin PBXBuildFile section */
		4015C6C02A0972030000B0CE /* Utils.swift in Sources */ = {isa = PBXBuildFile; fileRef = 4015C6BF2A0972030000B0CE /* Utils.swift */; };
		4015C6C42A09771A0000B0CE /* Localizable.strings in Resources */ = {isa = PBXBuildFile; fileRef = 4015C6C62A09771A0000B0CE /* Localizable.strings */; };
		404E27E82A0980EF009365CA /* String+Languages.swift in Sources */ = {isa = PBXBuildFile; fileRef = 404E27E72A0980EF009365CA /* String+Languages.swift */; };
		404E27ED2A0989D7009365CA /* BanksApiRoute.swift in Sources */ = {isa = PBXBuildFile; fileRef = 404E27EC2A0989D7009365CA /* BanksApiRoute.swift */; };
		404E27EF2A098A70009365CA /* ApiRoute+URL.swift in Sources */ = {isa = PBXBuildFile; fileRef = 404E27EE2A098A70009365CA /* ApiRoute+URL.swift */; };
		404E27F12A098A98009365CA /* BanksService.swift in Sources */ = {isa = PBXBuildFile; fileRef = 404E27F02A098A98009365CA /* BanksService.swift */; };
		404E27F32A098AE0009365CA /* ListBanksRequest.swift in Sources */ = {isa = PBXBuildFile; fileRef = 404E27F22A098AE0009365CA /* ListBanksRequest.swift */; };
		404E27F72A098B01009365CA /* ListBanksResponse.swift in Sources */ = {isa = PBXBuildFile; fileRef = 404E27F62A098B01009365CA /* ListBanksResponse.swift */; };
		404E27F92A098C04009365CA /* BanksApiService.swift in Sources */ = {isa = PBXBuildFile; fileRef = 404E27F82A098C04009365CA /* BanksApiService.swift */; };
		404E27FB2A098CA7009365CA /* BanksResponseParser.swift in Sources */ = {isa = PBXBuildFile; fileRef = 404E27FA2A098CA7009365CA /* BanksResponseParser.swift */; };
		404E27FD2A09985D009365CA /* UIImageView+URL.swift in Sources */ = {isa = PBXBuildFile; fileRef = 404E27FC2A09985D009365CA /* UIImageView+URL.swift */; };
		405339B92A092DF3000F4E3D /* BankView.storyboard in Resources */ = {isa = PBXBuildFile; fileRef = 405339B82A092DF3000F4E3D /* BankView.storyboard */; };
		405339BB2A093252000F4E3D /* Assets.xcassets in Resources */ = {isa = PBXBuildFile; fileRef = 405339BA2A093252000F4E3D /* Assets.xcassets */; };
		405339BE2A0936DE000F4E3D /* GraphikSemibold.otf in Resources */ = {isa = PBXBuildFile; fileRef = 405339BD2A0936DD000F4E3D /* GraphikSemibold.otf */; };
		405339C12A09372B000F4E3D /* UIFont + CustomFonts.swift in Sources */ = {isa = PBXBuildFile; fileRef = 405339C02A09372B000F4E3D /* UIFont + CustomFonts.swift */; };
		405339C32A0937AA000F4E3D /* GraphikRegular.otf in Resources */ = {isa = PBXBuildFile; fileRef = 405339C22A0937AA000F4E3D /* GraphikRegular.otf */; };
		40771D582A0D2F8300D9C1E2 /* WebResult.swift in Sources */ = {isa = PBXBuildFile; fileRef = 40771D572A0D2F8200D9C1E2 /* WebResult.swift */; };
		4082F1E52A095CD30037F6B6 /* Inter-Regular.otf in Resources */ = {isa = PBXBuildFile; fileRef = 4082F1E42A095CD30037F6B6 /* Inter-Regular.otf */; };
		4082F1E72A095E130037F6B6 /* NSMuttableAttributedString+Link.swift in Sources */ = {isa = PBXBuildFile; fileRef = 4082F1E62A095E130037F6B6 /* NSMuttableAttributedString+Link.swift */; };
		4082F1E92A0965C70037F6B6 /* LanguagesViewController.swift in Sources */ = {isa = PBXBuildFile; fileRef = 4082F1E82A0965C70037F6B6 /* LanguagesViewController.swift */; };
		4082F1EC2A09661D0037F6B6 /* LanguagesView.storyboard in Resources */ = {isa = PBXBuildFile; fileRef = 4082F1EB2A09661D0037F6B6 /* LanguagesView.storyboard */; };
		4082F1EE2A096B990037F6B6 /* LanguagesViewController+Popover.swift in Sources */ = {isa = PBXBuildFile; fileRef = 4082F1ED2A096B990037F6B6 /* LanguagesViewController+Popover.swift */; };
		409DAF802A0BEE95004346EF /* SuccessDetails.swift in Sources */ = {isa = PBXBuildFile; fileRef = 409DAF7E2A0BEE95004346EF /* SuccessDetails.swift */; };
		409DAF812A0BEE95004346EF /* Details.swift in Sources */ = {isa = PBXBuildFile; fileRef = 409DAF7F2A0BEE95004346EF /* Details.swift */; };
		40B69DAC2A025D1C00DA03F4 /* GetivySDK.docc in Sources */ = {isa = PBXBuildFile; fileRef = 40B69DAB2A025D1C00DA03F4 /* GetivySDK.docc */; };
		40C4B3DB2A13694B00BECD09 /* WebViewController+WKUIDelegate.swift in Sources */ = {isa = PBXBuildFile; fileRef = 40C4B3DA2A13694B00BECD09 /* WebViewController+WKUIDelegate.swift */; };
		40C4B3DD2A13696C00BECD09 /* WebViewController+WKNavigationDelegate.swift in Sources */ = {isa = PBXBuildFile; fileRef = 40C4B3DC2A13696C00BECD09 /* WebViewController+WKNavigationDelegate.swift */; };
		40C4B3E12A1373F700BECD09 /* WebViewController+WKScriptMessageHandler.swift in Sources */ = {isa = PBXBuildFile; fileRef = 40C4B3E02A1373F700BECD09 /* WebViewController+WKScriptMessageHandler.swift */; };
		40D093E32A01539800FBBB5A /* GetivySDK.framework in Frameworks */ = {isa = PBXBuildFile; fileRef = 40D093D82A01539800FBBB5A /* GetivySDK.framework */; };
		40E876382A03B0770013038E /* APIService.swift in Sources */ = {isa = PBXBuildFile; fileRef = 40E8762B2A03B0770013038E /* APIService.swift */; };
		40E876392A03B0770013038E /* Environment.swift in Sources */ = {isa = PBXBuildFile; fileRef = 40E8762C2A03B0770013038E /* Environment.swift */; };
		40E8763A2A03B0770013038E /* GetivySDK.h in Headers */ = {isa = PBXBuildFile; fileRef = 40E8762D2A03B0770013038E /* GetivySDK.h */; };
		40E8763B2A03B0770013038E /* GetivySDK.swift in Sources */ = {isa = PBXBuildFile; fileRef = 40E8762E2A03B0770013038E /* GetivySDK.swift */; };
		40E8763C2A03B0770013038E /* GetivySDKError.swift in Sources */ = {isa = PBXBuildFile; fileRef = 40E8762F2A03B0770013038E /* GetivySDKError.swift */; };
		40E8763D2A03B0770013038E /* GetDataSessionRequest.swift in Sources */ = {isa = PBXBuildFile; fileRef = 40E876302A03B0770013038E /* GetDataSessionRequest.swift */; };
		40E8763E2A03B0770013038E /* GetDataSessionResponse.swift in Sources */ = {isa = PBXBuildFile; fileRef = 40E876312A03B0770013038E /* GetDataSessionResponse.swift */; };
		40E8763F2A03B0770013038E /* DataSessionResponseParser.swift in Sources */ = {isa = PBXBuildFile; fileRef = 40E876322A03B0770013038E /* DataSessionResponseParser.swift */; };
		40E876412A03B0770013038E /* DataSessionApiService.swift in Sources */ = {isa = PBXBuildFile; fileRef = 40E876342A03B0770013038E /* DataSessionApiService.swift */; };
		40E876422A03B0770013038E /* PresentationUIHandler.swift in Sources */ = {isa = PBXBuildFile; fileRef = 40E876352A03B0770013038E /* PresentationUIHandler.swift */; };
		40E876432A03B0770013038E /* UIHandler.swift in Sources */ = {isa = PBXBuildFile; fileRef = 40E876362A03B0770013038E /* UIHandler.swift */; };
		40E876472A03B17A0013038E /* ApiContext.swift in Sources */ = {isa = PBXBuildFile; fileRef = 40E876462A03B17A0013038E /* ApiContext.swift */; };
		40E8764B2A03B22C0013038E /* NonPersistentApiContext.swift in Sources */ = {isa = PBXBuildFile; fileRef = 40E8764A2A03B22C0013038E /* NonPersistentApiContext.swift */; };
		40E8764D2A03B3480013038E /* APIRoute.swift in Sources */ = {isa = PBXBuildFile; fileRef = 40E8764C2A03B3480013038E /* APIRoute.swift */; };
		40E8764F2A03B3740013038E /* DataSessionApiRoute.swift in Sources */ = {isa = PBXBuildFile; fileRef = 40E8764E2A03B3740013038E /* DataSessionApiRoute.swift */; };
		40E8765C2A03CB450013038E /* DataSessionService.swift in Sources */ = {isa = PBXBuildFile; fileRef = 40E8765B2A03CB450013038E /* DataSessionService.swift */; };
		40EA00322A0A476F00715BF0 /* UIColor+Image.swift in Sources */ = {isa = PBXBuildFile; fileRef = 40EA00312A0A476F00715BF0 /* UIColor+Image.swift */; };
		40EA00342A0A64B300715BF0 /* SearchBanksRequest.swift in Sources */ = {isa = PBXBuildFile; fileRef = 40EA00332A0A64B300715BF0 /* SearchBanksRequest.swift */; };
		40EA00362A0A64BF00715BF0 /* SearchBanksResponse.swift in Sources */ = {isa = PBXBuildFile; fileRef = 40EA00352A0A64BF00715BF0 /* SearchBanksResponse.swift */; };
		40EA003A2A0A809C00715BF0 /* BankTableViewCell.swift in Sources */ = {isa = PBXBuildFile; fileRef = 40EA00392A0A809C00715BF0 /* BankTableViewCell.swift */; };
		40EA003C2A0A821700715BF0 /* UITableViewCell+ReuseIdentifier.swift in Sources */ = {isa = PBXBuildFile; fileRef = 40EA003B2A0A821700715BF0 /* UITableViewCell+ReuseIdentifier.swift */; };
		40EA003E2A0A887C00715BF0 /* WebView.storyboard in Resources */ = {isa = PBXBuildFile; fileRef = 40EA003D2A0A887C00715BF0 /* WebView.storyboard */; };
		40EA00402A0A8A3F00715BF0 /* WebViewApiRoute.swift in Sources */ = {isa = PBXBuildFile; fileRef = 40EA003F2A0A8A3F00715BF0 /* WebViewApiRoute.swift */; };
		40F64E4E2A054E36006A6DAC /* BankViewController.swift in Sources */ = {isa = PBXBuildFile; fileRef = 40F64E4D2A054E36006A6DAC /* BankViewController.swift */; };
		40F64E522A054E92006A6DAC /* WebViewController.swift in Sources */ = {isa = PBXBuildFile; fileRef = 40F64E512A054E92006A6DAC /* WebViewController.swift */; };
		40F64E542A0551BA006A6DAC /* PresentationUIHandler+Routing.swift in Sources */ = {isa = PBXBuildFile; fileRef = 40F64E532A0551BA006A6DAC /* PresentationUIHandler+Routing.swift */; };
		40F64E562A0551F2006A6DAC /* PresentationUIHandler+UIHandler.swift in Sources */ = {isa = PBXBuildFile; fileRef = 40F64E552A0551F2006A6DAC /* PresentationUIHandler+UIHandler.swift */; };
		40F64E582A05524B006A6DAC /* PresentationUIHandler+Build.swift in Sources */ = {isa = PBXBuildFile; fileRef = 40F64E572A05524B006A6DAC /* PresentationUIHandler+Build.swift */; };
		40F64E5B2A05675C006A6DAC /* GetivyConfiguration.swift in Sources */ = {isa = PBXBuildFile; fileRef = 40F64E5A2A05675C006A6DAC /* GetivyConfiguration.swift */; };
/* End PBXBuildFile section */

/* Begin PBXContainerItemProxy section */
		40D093E42A01539800FBBB5A /* PBXContainerItemProxy */ = {
			isa = PBXContainerItemProxy;
			containerPortal = 40D093CF2A01539800FBBB5A /* Project object */;
			proxyType = 1;
			remoteGlobalIDString = 40D093D72A01539800FBBB5A;
			remoteInfo = GetivySDK;
		};
/* End PBXContainerItemProxy section */

/* Begin PBXFileReference section */
		4015C6BF2A0972030000B0CE /* Utils.swift */ = {isa = PBXFileReference; lastKnownFileType = sourcecode.swift; path = Utils.swift; sourceTree = "<group>"; };
		4015C6C52A09771A0000B0CE /* en */ = {isa = PBXFileReference; lastKnownFileType = text.plist.strings; name = en; path = en.lproj/Localizable.strings; sourceTree = "<group>"; };
		4015C6C72A0977A80000B0CE /* nl */ = {isa = PBXFileReference; lastKnownFileType = text.plist.strings; name = nl; path = nl.lproj/Localizable.strings; sourceTree = "<group>"; };
		4015C6C82A0977B10000B0CE /* de */ = {isa = PBXFileReference; lastKnownFileType = text.plist.strings; name = de; path = de.lproj/Localizable.strings; sourceTree = "<group>"; };
		404E27E72A0980EF009365CA /* String+Languages.swift */ = {isa = PBXFileReference; lastKnownFileType = sourcecode.swift; path = "String+Languages.swift"; sourceTree = "<group>"; };
		404E27EC2A0989D7009365CA /* BanksApiRoute.swift */ = {isa = PBXFileReference; lastKnownFileType = sourcecode.swift; path = BanksApiRoute.swift; sourceTree = "<group>"; };
		404E27EE2A098A70009365CA /* ApiRoute+URL.swift */ = {isa = PBXFileReference; lastKnownFileType = sourcecode.swift; path = "ApiRoute+URL.swift"; sourceTree = "<group>"; };
		404E27F02A098A98009365CA /* BanksService.swift */ = {isa = PBXFileReference; lastKnownFileType = sourcecode.swift; path = BanksService.swift; sourceTree = "<group>"; };
		404E27F22A098AE0009365CA /* ListBanksRequest.swift */ = {isa = PBXFileReference; lastKnownFileType = sourcecode.swift; path = ListBanksRequest.swift; sourceTree = "<group>"; };
		404E27F62A098B01009365CA /* ListBanksResponse.swift */ = {isa = PBXFileReference; lastKnownFileType = sourcecode.swift; path = ListBanksResponse.swift; sourceTree = "<group>"; };
		404E27F82A098C04009365CA /* BanksApiService.swift */ = {isa = PBXFileReference; lastKnownFileType = sourcecode.swift; path = BanksApiService.swift; sourceTree = "<group>"; };
		404E27FA2A098CA7009365CA /* BanksResponseParser.swift */ = {isa = PBXFileReference; lastKnownFileType = sourcecode.swift; path = BanksResponseParser.swift; sourceTree = "<group>"; };
		404E27FC2A09985D009365CA /* UIImageView+URL.swift */ = {isa = PBXFileReference; lastKnownFileType = sourcecode.swift; path = "UIImageView+URL.swift"; sourceTree = "<group>"; };
		405339B82A092DF3000F4E3D /* BankView.storyboard */ = {isa = PBXFileReference; lastKnownFileType = file.storyboard; path = BankView.storyboard; sourceTree = "<group>"; };
		405339BA2A093252000F4E3D /* Assets.xcassets */ = {isa = PBXFileReference; lastKnownFileType = folder.assetcatalog; path = Assets.xcassets; sourceTree = "<group>"; };
		405339BD2A0936DD000F4E3D /* GraphikSemibold.otf */ = {isa = PBXFileReference; lastKnownFileType = file; path = GraphikSemibold.otf; sourceTree = "<group>"; };
		405339C02A09372B000F4E3D /* UIFont + CustomFonts.swift */ = {isa = PBXFileReference; lastKnownFileType = sourcecode.swift; path = "UIFont + CustomFonts.swift"; sourceTree = "<group>"; };
		405339C22A0937AA000F4E3D /* GraphikRegular.otf */ = {isa = PBXFileReference; lastKnownFileType = file; path = GraphikRegular.otf; sourceTree = "<group>"; };
		40771D572A0D2F8200D9C1E2 /* WebResult.swift */ = {isa = PBXFileReference; fileEncoding = 4; lastKnownFileType = sourcecode.swift; path = WebResult.swift; sourceTree = "<group>"; };
		4082F1E42A095CD30037F6B6 /* Inter-Regular.otf */ = {isa = PBXFileReference; lastKnownFileType = file; path = "Inter-Regular.otf"; sourceTree = "<group>"; };
		4082F1E62A095E130037F6B6 /* NSMuttableAttributedString+Link.swift */ = {isa = PBXFileReference; lastKnownFileType = sourcecode.swift; path = "NSMuttableAttributedString+Link.swift"; sourceTree = "<group>"; };
		4082F1E82A0965C70037F6B6 /* LanguagesViewController.swift */ = {isa = PBXFileReference; lastKnownFileType = sourcecode.swift; path = LanguagesViewController.swift; sourceTree = "<group>"; };
		4082F1EB2A09661D0037F6B6 /* LanguagesView.storyboard */ = {isa = PBXFileReference; lastKnownFileType = file.storyboard; path = LanguagesView.storyboard; sourceTree = "<group>"; };
		4082F1ED2A096B990037F6B6 /* LanguagesViewController+Popover.swift */ = {isa = PBXFileReference; lastKnownFileType = sourcecode.swift; path = "LanguagesViewController+Popover.swift"; sourceTree = "<group>"; };
		409DAF7E2A0BEE95004346EF /* SuccessDetails.swift */ = {isa = PBXFileReference; fileEncoding = 4; lastKnownFileType = sourcecode.swift; path = SuccessDetails.swift; sourceTree = "<group>"; };
		409DAF7F2A0BEE95004346EF /* Details.swift */ = {isa = PBXFileReference; fileEncoding = 4; lastKnownFileType = sourcecode.swift; path = Details.swift; sourceTree = "<group>"; };
		40B69DAB2A025D1C00DA03F4 /* GetivySDK.docc */ = {isa = PBXFileReference; lastKnownFileType = folder.documentationcatalog; path = GetivySDK.docc; sourceTree = "<group>"; };
		40C4B3DA2A13694B00BECD09 /* WebViewController+WKUIDelegate.swift */ = {isa = PBXFileReference; lastKnownFileType = sourcecode.swift; path = "WebViewController+WKUIDelegate.swift"; sourceTree = "<group>"; };
		40C4B3DC2A13696C00BECD09 /* WebViewController+WKNavigationDelegate.swift */ = {isa = PBXFileReference; lastKnownFileType = sourcecode.swift; path = "WebViewController+WKNavigationDelegate.swift"; sourceTree = "<group>"; };
		40C4B3E02A1373F700BECD09 /* WebViewController+WKScriptMessageHandler.swift */ = {isa = PBXFileReference; fileEncoding = 4; lastKnownFileType = sourcecode.swift; path = "WebViewController+WKScriptMessageHandler.swift"; sourceTree = "<group>"; };
		40D093D82A01539800FBBB5A /* GetivySDK.framework */ = {isa = PBXFileReference; explicitFileType = wrapper.framework; includeInIndex = 0; path = GetivySDK.framework; sourceTree = BUILT_PRODUCTS_DIR; };
		40D093E22A01539800FBBB5A /* GetivySDKTests.xctest */ = {isa = PBXFileReference; explicitFileType = wrapper.cfbundle; includeInIndex = 0; path = GetivySDKTests.xctest; sourceTree = BUILT_PRODUCTS_DIR; };
		40E8762B2A03B0770013038E /* APIService.swift */ = {isa = PBXFileReference; fileEncoding = 4; lastKnownFileType = sourcecode.swift; path = APIService.swift; sourceTree = "<group>"; };
		40E8762C2A03B0770013038E /* Environment.swift */ = {isa = PBXFileReference; fileEncoding = 4; lastKnownFileType = sourcecode.swift; path = Environment.swift; sourceTree = "<group>"; };
		40E8762D2A03B0770013038E /* GetivySDK.h */ = {isa = PBXFileReference; fileEncoding = 4; lastKnownFileType = sourcecode.c.h; path = GetivySDK.h; sourceTree = "<group>"; };
		40E8762E2A03B0770013038E /* GetivySDK.swift */ = {isa = PBXFileReference; fileEncoding = 4; lastKnownFileType = sourcecode.swift; path = GetivySDK.swift; sourceTree = "<group>"; };
		40E8762F2A03B0770013038E /* GetivySDKError.swift */ = {isa = PBXFileReference; fileEncoding = 4; lastKnownFileType = sourcecode.swift; path = GetivySDKError.swift; sourceTree = "<group>"; };
		40E876302A03B0770013038E /* GetDataSessionRequest.swift */ = {isa = PBXFileReference; fileEncoding = 4; lastKnownFileType = sourcecode.swift; path = GetDataSessionRequest.swift; sourceTree = "<group>"; };
		40E876312A03B0770013038E /* GetDataSessionResponse.swift */ = {isa = PBXFileReference; fileEncoding = 4; lastKnownFileType = sourcecode.swift; path = GetDataSessionResponse.swift; sourceTree = "<group>"; };
		40E876322A03B0770013038E /* DataSessionResponseParser.swift */ = {isa = PBXFileReference; fileEncoding = 4; lastKnownFileType = sourcecode.swift; path = DataSessionResponseParser.swift; sourceTree = "<group>"; };
		40E876342A03B0770013038E /* DataSessionApiService.swift */ = {isa = PBXFileReference; fileEncoding = 4; lastKnownFileType = sourcecode.swift; path = DataSessionApiService.swift; sourceTree = "<group>"; };
		40E876352A03B0770013038E /* PresentationUIHandler.swift */ = {isa = PBXFileReference; fileEncoding = 4; lastKnownFileType = sourcecode.swift; path = PresentationUIHandler.swift; sourceTree = "<group>"; };
		40E876362A03B0770013038E /* UIHandler.swift */ = {isa = PBXFileReference; fileEncoding = 4; lastKnownFileType = sourcecode.swift; path = UIHandler.swift; sourceTree = "<group>"; };
		40E876462A03B17A0013038E /* ApiContext.swift */ = {isa = PBXFileReference; lastKnownFileType = sourcecode.swift; path = ApiContext.swift; sourceTree = "<group>"; };
		40E8764A2A03B22C0013038E /* NonPersistentApiContext.swift */ = {isa = PBXFileReference; lastKnownFileType = sourcecode.swift; path = NonPersistentApiContext.swift; sourceTree = "<group>"; };
		40E8764C2A03B3480013038E /* APIRoute.swift */ = {isa = PBXFileReference; lastKnownFileType = sourcecode.swift; path = APIRoute.swift; sourceTree = "<group>"; };
		40E8764E2A03B3740013038E /* DataSessionApiRoute.swift */ = {isa = PBXFileReference; lastKnownFileType = sourcecode.swift; path = DataSessionApiRoute.swift; sourceTree = "<group>"; };
		40E8765B2A03CB450013038E /* DataSessionService.swift */ = {isa = PBXFileReference; lastKnownFileType = sourcecode.swift; path = DataSessionService.swift; sourceTree = "<group>"; };
		40EA00312A0A476F00715BF0 /* UIColor+Image.swift */ = {isa = PBXFileReference; lastKnownFileType = sourcecode.swift; path = "UIColor+Image.swift"; sourceTree = "<group>"; };
		40EA00332A0A64B300715BF0 /* SearchBanksRequest.swift */ = {isa = PBXFileReference; lastKnownFileType = sourcecode.swift; path = SearchBanksRequest.swift; sourceTree = "<group>"; };
		40EA00352A0A64BF00715BF0 /* SearchBanksResponse.swift */ = {isa = PBXFileReference; lastKnownFileType = sourcecode.swift; path = SearchBanksResponse.swift; sourceTree = "<group>"; };
		40EA00392A0A809C00715BF0 /* BankTableViewCell.swift */ = {isa = PBXFileReference; lastKnownFileType = sourcecode.swift; path = BankTableViewCell.swift; sourceTree = "<group>"; };
		40EA003B2A0A821700715BF0 /* UITableViewCell+ReuseIdentifier.swift */ = {isa = PBXFileReference; lastKnownFileType = sourcecode.swift; path = "UITableViewCell+ReuseIdentifier.swift"; sourceTree = "<group>"; };
		40EA003D2A0A887C00715BF0 /* WebView.storyboard */ = {isa = PBXFileReference; lastKnownFileType = file.storyboard; path = WebView.storyboard; sourceTree = "<group>"; };
		40EA003F2A0A8A3F00715BF0 /* WebViewApiRoute.swift */ = {isa = PBXFileReference; lastKnownFileType = sourcecode.swift; path = WebViewApiRoute.swift; sourceTree = "<group>"; };
		40F64E4D2A054E36006A6DAC /* BankViewController.swift */ = {isa = PBXFileReference; lastKnownFileType = sourcecode.swift; path = BankViewController.swift; sourceTree = "<group>"; };
		40F64E512A054E92006A6DAC /* WebViewController.swift */ = {isa = PBXFileReference; lastKnownFileType = sourcecode.swift; path = WebViewController.swift; sourceTree = "<group>"; };
		40F64E532A0551BA006A6DAC /* PresentationUIHandler+Routing.swift */ = {isa = PBXFileReference; lastKnownFileType = sourcecode.swift; path = "PresentationUIHandler+Routing.swift"; sourceTree = "<group>"; };
		40F64E552A0551F2006A6DAC /* PresentationUIHandler+UIHandler.swift */ = {isa = PBXFileReference; lastKnownFileType = sourcecode.swift; path = "PresentationUIHandler+UIHandler.swift"; sourceTree = "<group>"; };
		40F64E572A05524B006A6DAC /* PresentationUIHandler+Build.swift */ = {isa = PBXFileReference; lastKnownFileType = sourcecode.swift; path = "PresentationUIHandler+Build.swift"; sourceTree = "<group>"; };
		40F64E5A2A05675C006A6DAC /* GetivyConfiguration.swift */ = {isa = PBXFileReference; lastKnownFileType = sourcecode.swift; path = GetivyConfiguration.swift; sourceTree = "<group>"; };
/* End PBXFileReference section */

/* Begin PBXFrameworksBuildPhase section */
		40D093D52A01539800FBBB5A /* Frameworks */ = {
			isa = PBXFrameworksBuildPhase;
			buildActionMask = 2147483647;
			files = (
			);
			runOnlyForDeploymentPostprocessing = 0;
		};
		40D093DF2A01539800FBBB5A /* Frameworks */ = {
			isa = PBXFrameworksBuildPhase;
			buildActionMask = 2147483647;
			files = (
				40D093E32A01539800FBBB5A /* GetivySDK.framework in Frameworks */,
			);
			runOnlyForDeploymentPostprocessing = 0;
		};
/* End PBXFrameworksBuildPhase section */

/* Begin PBXGroup section */
		4015C6C12A0976300000B0CE /* Translations */ = {
			isa = PBXGroup;
			children = (
				4015C6C62A09771A0000B0CE /* Localizable.strings */,
			);
			path = Translations;
			sourceTree = "<group>";
		};
		404E27E42A097F94009365CA /* Common */ = {
			isa = PBXGroup;
			children = (
				4015C6BF2A0972030000B0CE /* Utils.swift */,
			);
			path = Common;
			sourceTree = "<group>";
		};
		404E27EB2A0989C6009365CA /* Banks */ = {
			isa = PBXGroup;
			children = (
				404E27F02A098A98009365CA /* BanksService.swift */,
				404E27F82A098C04009365CA /* BanksApiService.swift */,
			);
			path = Banks;
			sourceTree = "<group>";
		};
		404E27F42A098AE5009365CA /* Banks */ = {
			isa = PBXGroup;
			children = (
				404E27F22A098AE0009365CA /* ListBanksRequest.swift */,
				404E27F62A098B01009365CA /* ListBanksResponse.swift */,
				40EA00332A0A64B300715BF0 /* SearchBanksRequest.swift */,
				40EA00352A0A64BF00715BF0 /* SearchBanksResponse.swift */,
			);
			path = Banks;
			sourceTree = "<group>";
		};
		404E27F52A098AEC009365CA /* DataSession */ = {
			isa = PBXGroup;
			children = (
				40E876312A03B0770013038E /* GetDataSessionResponse.swift */,
				40E876302A03B0770013038E /* GetDataSessionRequest.swift */,
			);
			path = DataSession;
			sourceTree = "<group>";
		};
		405339BC2A0936C6000F4E3D /* Fonts */ = {
			isa = PBXGroup;
			children = (
				4082F1E42A095CD30037F6B6 /* Inter-Regular.otf */,
				405339C22A0937AA000F4E3D /* GraphikRegular.otf */,
				405339BD2A0936DD000F4E3D /* GraphikSemibold.otf */,
			);
			path = Fonts;
			sourceTree = "<group>";
		};
		405339BF2A09371C000F4E3D /* Extensions */ = {
			isa = PBXGroup;
			children = (
				405339C02A09372B000F4E3D /* UIFont + CustomFonts.swift */,
				4082F1E62A095E130037F6B6 /* NSMuttableAttributedString+Link.swift */,
				404E27E72A0980EF009365CA /* String+Languages.swift */,
				404E27EE2A098A70009365CA /* ApiRoute+URL.swift */,
				404E27FC2A09985D009365CA /* UIImageView+URL.swift */,
				40EA00312A0A476F00715BF0 /* UIColor+Image.swift */,
				40EA003B2A0A821700715BF0 /* UITableViewCell+ReuseIdentifier.swift */,
			);
			path = Extensions;
			sourceTree = "<group>";
		};
		4082F1EA2A0965FC0037F6B6 /* Languages */ = {
			isa = PBXGroup;
			children = (
				4082F1E82A0965C70037F6B6 /* LanguagesViewController.swift */,
				4082F1EB2A09661D0037F6B6 /* LanguagesView.storyboard */,
				4082F1ED2A096B990037F6B6 /* LanguagesViewController+Popover.swift */,
			);
			path = Languages;
			sourceTree = "<group>";
		};
		40B69DB22A025D5E00DA03F4 /* Tests */ = {
			isa = PBXGroup;
			children = (
			);
			path = Tests;
			sourceTree = "<group>";
		};
		40D093CE2A01539800FBBB5A = {
			isa = PBXGroup;
			children = (
				40B69DAB2A025D1C00DA03F4 /* GetivySDK.docc */,
				40E8762A2A03B0770013038E /* Source */,
				40B69DB22A025D5E00DA03F4 /* Tests */,
				40D093D92A01539800FBBB5A /* Products */,
			);
			sourceTree = "<group>";
		};
		40D093D92A01539800FBBB5A /* Products */ = {
			isa = PBXGroup;
			children = (
				40D093D82A01539800FBBB5A /* GetivySDK.framework */,
				40D093E22A01539800FBBB5A /* GetivySDKTests.xctest */,
			);
			name = Products;
			sourceTree = "<group>";
		};
		40E8762A2A03B0770013038E /* Source */ = {
			isa = PBXGroup;
			children = (
				404E27E42A097F94009365CA /* Common */,
				4015C6C12A0976300000B0CE /* Translations */,
				405339BF2A09371C000F4E3D /* Extensions */,
				405339BC2A0936C6000F4E3D /* Fonts */,
				40F64E592A05674B006A6DAC /* Config */,
				40E876562A03BAC60013038E /* UI */,
				40E876502A03B6250013038E /* Api */,
				40E8762D2A03B0770013038E /* GetivySDK.h */,
				40E8762E2A03B0770013038E /* GetivySDK.swift */,
				40E8762F2A03B0770013038E /* GetivySDKError.swift */,
				405339BA2A093252000F4E3D /* Assets.xcassets */,
			);
			path = Source;
			sourceTree = "<group>";
		};
		40E876502A03B6250013038E /* Api */ = {
			isa = PBXGroup;
			children = (
				40E876582A03BAE10013038E /* Contexts */,
				40E876542A03B6880013038E /* Parsers */,
				40E876532A03B6750013038E /* Models */,
				40E876522A03B6530013038E /* Services */,
				40E876512A03B6410013038E /* Routes */,
				40E8762C2A03B0770013038E /* Environment.swift */,
			);
			path = Api;
			sourceTree = "<group>";
		};
		40E876512A03B6410013038E /* Routes */ = {
			isa = PBXGroup;
			children = (
				40E8764E2A03B3740013038E /* DataSessionApiRoute.swift */,
				40E8764C2A03B3480013038E /* APIRoute.swift */,
				404E27EC2A0989D7009365CA /* BanksApiRoute.swift */,
				40EA003F2A0A8A3F00715BF0 /* WebViewApiRoute.swift */,
			);
			path = Routes;
			sourceTree = "<group>";
		};
		40E876522A03B6530013038E /* Services */ = {
			isa = PBXGroup;
			children = (
				404E27EB2A0989C6009365CA /* Banks */,
				40E8765D2A03CC5A0013038E /* DataSession */,
				40E8762B2A03B0770013038E /* APIService.swift */,
			);
			path = Services;
			sourceTree = "<group>";
		};
		40E876532A03B6750013038E /* Models */ = {
			isa = PBXGroup;
			children = (
				404E27F52A098AEC009365CA /* DataSession */,
				404E27F42A098AE5009365CA /* Banks */,
			);
			path = Models;
			sourceTree = "<group>";
		};
		40E876542A03B6880013038E /* Parsers */ = {
			isa = PBXGroup;
			children = (
				40E876322A03B0770013038E /* DataSessionResponseParser.swift */,
				404E27FA2A098CA7009365CA /* BanksResponseParser.swift */,
			);
			path = Parsers;
			sourceTree = "<group>";
		};
		40E876562A03BAC60013038E /* UI */ = {
			isa = PBXGroup;
			children = (
				4082F1EA2A0965FC0037F6B6 /* Languages */,
				40F64E502A054E73006A6DAC /* Web */,
				40F64E4F2A054E3F006A6DAC /* Bank */,
				40E876572A03BACD0013038E /* Handler */,
			);
			path = UI;
			sourceTree = "<group>";
		};
		40E876572A03BACD0013038E /* Handler */ = {
			isa = PBXGroup;
			children = (
				409DAF7F2A0BEE95004346EF /* Details.swift */,
				409DAF7E2A0BEE95004346EF /* SuccessDetails.swift */,
				40E876352A03B0770013038E /* PresentationUIHandler.swift */,
				40E876362A03B0770013038E /* UIHandler.swift */,
				40F64E552A0551F2006A6DAC /* PresentationUIHandler+UIHandler.swift */,
				40F64E532A0551BA006A6DAC /* PresentationUIHandler+Routing.swift */,
				40F64E572A05524B006A6DAC /* PresentationUIHandler+Build.swift */,
			);
			path = Handler;
			sourceTree = "<group>";
		};
		40E876582A03BAE10013038E /* Contexts */ = {
			isa = PBXGroup;
			children = (
				40E8764A2A03B22C0013038E /* NonPersistentApiContext.swift */,
				40E876462A03B17A0013038E /* ApiContext.swift */,
			);
			path = Contexts;
			sourceTree = "<group>";
		};
		40E8765D2A03CC5A0013038E /* DataSession */ = {
			isa = PBXGroup;
			children = (
				40E8765B2A03CB450013038E /* DataSessionService.swift */,
				40E876342A03B0770013038E /* DataSessionApiService.swift */,
			);
			path = DataSession;
			sourceTree = "<group>";
		};
		40F64E4F2A054E3F006A6DAC /* Bank */ = {
			isa = PBXGroup;
			children = (
				40F64E4D2A054E36006A6DAC /* BankViewController.swift */,
				405339B82A092DF3000F4E3D /* BankView.storyboard */,
				40EA00392A0A809C00715BF0 /* BankTableViewCell.swift */,
			);
			path = Bank;
			sourceTree = "<group>";
		};
		40F64E502A054E73006A6DAC /* Web */ = {
			isa = PBXGroup;
			children = (
				40C4B3E02A1373F700BECD09 /* WebViewController+WKScriptMessageHandler.swift */,
				40771D572A0D2F8200D9C1E2 /* WebResult.swift */,
				40F64E512A054E92006A6DAC /* WebViewController.swift */,
				40EA003D2A0A887C00715BF0 /* WebView.storyboard */,
				40C4B3DA2A13694B00BECD09 /* WebViewController+WKUIDelegate.swift */,
				40C4B3DC2A13696C00BECD09 /* WebViewController+WKNavigationDelegate.swift */,
			);
			path = Web;
			sourceTree = "<group>";
		};
		40F64E592A05674B006A6DAC /* Config */ = {
			isa = PBXGroup;
			children = (
				40F64E5A2A05675C006A6DAC /* GetivyConfiguration.swift */,
			);
			path = Config;
			sourceTree = "<group>";
		};
/* End PBXGroup section */

/* Begin PBXHeadersBuildPhase section */
		40D093D32A01539800FBBB5A /* Headers */ = {
			isa = PBXHeadersBuildPhase;
			buildActionMask = 2147483647;
			files = (
				40E8763A2A03B0770013038E /* GetivySDK.h in Headers */,
			);
			runOnlyForDeploymentPostprocessing = 0;
		};
/* End PBXHeadersBuildPhase section */

/* Begin PBXNativeTarget section */
		40D093D72A01539800FBBB5A /* GetivySDK */ = {
			isa = PBXNativeTarget;
			buildConfigurationList = 40D093EC2A01539800FBBB5A /* Build configuration list for PBXNativeTarget "GetivySDK" */;
			buildPhases = (
				40D093D32A01539800FBBB5A /* Headers */,
				40D093D42A01539800FBBB5A /* Sources */,
				40D093D52A01539800FBBB5A /* Frameworks */,
				40D093D62A01539800FBBB5A /* Resources */,
				40D093F62A01770900FBBB5A /* Swift Format */,
				40D093F22A01579D00FBBB5A /* Swift Lint */,
			);
			buildRules = (
			);
			dependencies = (
			);
			name = GetivySDK;
			productName = GetivySDK;
			productReference = 40D093D82A01539800FBBB5A /* GetivySDK.framework */;
			productType = "com.apple.product-type.framework";
		};
		40D093E12A01539800FBBB5A /* GetivySDKTests */ = {
			isa = PBXNativeTarget;
			buildConfigurationList = 40D093EF2A01539800FBBB5A /* Build configuration list for PBXNativeTarget "GetivySDKTests" */;
			buildPhases = (
				40D093DE2A01539800FBBB5A /* Sources */,
				40D093DF2A01539800FBBB5A /* Frameworks */,
				40D093E02A01539800FBBB5A /* Resources */,
			);
			buildRules = (
			);
			dependencies = (
				40D093E52A01539800FBBB5A /* PBXTargetDependency */,
			);
			name = GetivySDKTests;
			productName = GetivySDKTests;
			productReference = 40D093E22A01539800FBBB5A /* GetivySDKTests.xctest */;
			productType = "com.apple.product-type.bundle.unit-test";
		};
/* End PBXNativeTarget section */

/* Begin PBXProject section */
		40D093CF2A01539800FBBB5A /* Project object */ = {
			isa = PBXProject;
			attributes = {
				BuildIndependentTargetsInParallel = 1;
				LastSwiftUpdateCheck = 1420;
				LastUpgradeCheck = 1420;
				TargetAttributes = {
					40D093D72A01539800FBBB5A = {
						CreatedOnToolsVersion = 14.2;
					};
					40D093E12A01539800FBBB5A = {
						CreatedOnToolsVersion = 14.2;
					};
				};
			};
			buildConfigurationList = 40D093D22A01539800FBBB5A /* Build configuration list for PBXProject "GetivySDK" */;
			compatibilityVersion = "Xcode 14.0";
			developmentRegion = en;
			hasScannedForEncodings = 0;
			knownRegions = (
				en,
				Base,
				nl,
				de,
			);
			mainGroup = 40D093CE2A01539800FBBB5A;
			productRefGroup = 40D093D92A01539800FBBB5A /* Products */;
			projectDirPath = "";
			projectRoot = "";
			targets = (
				40D093D72A01539800FBBB5A /* GetivySDK */,
				40D093E12A01539800FBBB5A /* GetivySDKTests */,
			);
		};
/* End PBXProject section */

/* Begin PBXResourcesBuildPhase section */
		40D093D62A01539800FBBB5A /* Resources */ = {
			isa = PBXResourcesBuildPhase;
			buildActionMask = 2147483647;
			files = (
				405339BB2A093252000F4E3D /* Assets.xcassets in Resources */,
				4082F1E52A095CD30037F6B6 /* Inter-Regular.otf in Resources */,
				40EA003E2A0A887C00715BF0 /* WebView.storyboard in Resources */,
				405339C32A0937AA000F4E3D /* GraphikRegular.otf in Resources */,
				4015C6C42A09771A0000B0CE /* Localizable.strings in Resources */,
				405339BE2A0936DE000F4E3D /* GraphikSemibold.otf in Resources */,
				405339B92A092DF3000F4E3D /* BankView.storyboard in Resources */,
				4082F1EC2A09661D0037F6B6 /* LanguagesView.storyboard in Resources */,
			);
			runOnlyForDeploymentPostprocessing = 0;
		};
		40D093E02A01539800FBBB5A /* Resources */ = {
			isa = PBXResourcesBuildPhase;
			buildActionMask = 2147483647;
			files = (
			);
			runOnlyForDeploymentPostprocessing = 0;
		};
/* End PBXResourcesBuildPhase section */

/* Begin PBXShellScriptBuildPhase section */
		40D093F22A01579D00FBBB5A /* Swift Lint */ = {
			isa = PBXShellScriptBuildPhase;
			alwaysOutOfDate = 1;
			buildActionMask = 2147483647;
			files = (
			);
			inputFileListPaths = (
			);
			inputPaths = (
			);
			name = "Swift Lint";
			outputFileListPaths = (
			);
			outputPaths = (
			);
			runOnlyForDeploymentPostprocessing = 0;
			shellPath = /bin/sh;
			shellScript = "if [[ \"$(uname -m)\" == arm64 ]]; then\n    export PATH=\"/opt/homebrew/bin:$PATH\"\nfi\n\nif which swiftlint > /dev/null; then\n  swiftlint\nelse\n  echo \"warning: SwiftLint not installed, download from https://github.com/realm/SwiftLint\"\nfi\n";
		};
		40D093F62A01770900FBBB5A /* Swift Format */ = {
			isa = PBXShellScriptBuildPhase;
			alwaysOutOfDate = 1;
			buildActionMask = 2147483647;
			files = (
			);
			inputFileListPaths = (
			);
			inputPaths = (
			);
			name = "Swift Format";
			outputFileListPaths = (
			);
			outputPaths = (
			);
			runOnlyForDeploymentPostprocessing = 0;
			shellPath = /bin/sh;
			shellScript = "if [[ \"$(uname -m)\" == arm64 ]]; then\n    export PATH=\"/opt/homebrew/bin:$PATH\"\nfi\n\nif which swiftformat >/dev/null; then\n  swiftformat .\nelse\n  echo \"warning: SwiftFormat not installed, download from https://github.com/nicklockwood/SwiftFormat\"\nfi\n";
		};
/* End PBXShellScriptBuildPhase section */

/* Begin PBXSourcesBuildPhase section */
		40D093D42A01539800FBBB5A /* Sources */ = {
			isa = PBXSourcesBuildPhase;
			buildActionMask = 2147483647;
			files = (
				4082F1EE2A096B990037F6B6 /* LanguagesViewController+Popover.swift in Sources */,
				40F64E542A0551BA006A6DAC /* PresentationUIHandler+Routing.swift in Sources */,
				4015C6C02A0972030000B0CE /* Utils.swift in Sources */,
				40E8763B2A03B0770013038E /* GetivySDK.swift in Sources */,
				40EA00402A0A8A3F00715BF0 /* WebViewApiRoute.swift in Sources */,
				404E27EF2A098A70009365CA /* ApiRoute+URL.swift in Sources */,
				409DAF812A0BEE95004346EF /* Details.swift in Sources */,
				40EA00362A0A64BF00715BF0 /* SearchBanksResponse.swift in Sources */,
				40EA00322A0A476F00715BF0 /* UIColor+Image.swift in Sources */,
				404E27F32A098AE0009365CA /* ListBanksRequest.swift in Sources */,
				40F64E522A054E92006A6DAC /* WebViewController.swift in Sources */,
				405339C12A09372B000F4E3D /* UIFont + CustomFonts.swift in Sources */,
				404E27ED2A0989D7009365CA /* BanksApiRoute.swift in Sources */,
				404E27F72A098B01009365CA /* ListBanksResponse.swift in Sources */,
				40C4B3DB2A13694B00BECD09 /* WebViewController+WKUIDelegate.swift in Sources */,
				40E8763C2A03B0770013038E /* GetivySDKError.swift in Sources */,
				40E8765C2A03CB450013038E /* DataSessionService.swift in Sources */,
				40EA00342A0A64B300715BF0 /* SearchBanksRequest.swift in Sources */,
				404E27FB2A098CA7009365CA /* BanksResponseParser.swift in Sources */,
				40EA003C2A0A821700715BF0 /* UITableViewCell+ReuseIdentifier.swift in Sources */,
				404E27F92A098C04009365CA /* BanksApiService.swift in Sources */,
				404E27FD2A09985D009365CA /* UIImageView+URL.swift in Sources */,
				40C4B3DD2A13696C00BECD09 /* WebViewController+WKNavigationDelegate.swift in Sources */,
				40771D582A0D2F8300D9C1E2 /* WebResult.swift in Sources */,
				404E27F12A098A98009365CA /* BanksService.swift in Sources */,
				40E8764D2A03B3480013038E /* APIRoute.swift in Sources */,
				4082F1E72A095E130037F6B6 /* NSMuttableAttributedString+Link.swift in Sources */,
				40E8763E2A03B0770013038E /* GetDataSessionResponse.swift in Sources */,
				40E8763F2A03B0770013038E /* DataSessionResponseParser.swift in Sources */,
				40E876432A03B0770013038E /* UIHandler.swift in Sources */,
				40E876422A03B0770013038E /* PresentationUIHandler.swift in Sources */,
				40E8764F2A03B3740013038E /* DataSessionApiRoute.swift in Sources */,
				40F64E5B2A05675C006A6DAC /* GetivyConfiguration.swift in Sources */,
				40E876472A03B17A0013038E /* ApiContext.swift in Sources */,
				40E876382A03B0770013038E /* APIService.swift in Sources */,
				40E8764B2A03B22C0013038E /* NonPersistentApiContext.swift in Sources */,
				40F64E4E2A054E36006A6DAC /* BankViewController.swift in Sources */,
				4082F1E92A0965C70037F6B6 /* LanguagesViewController.swift in Sources */,
				40E8763D2A03B0770013038E /* GetDataSessionRequest.swift in Sources */,
				409DAF802A0BEE95004346EF /* SuccessDetails.swift in Sources */,
				40EA003A2A0A809C00715BF0 /* BankTableViewCell.swift in Sources */,
				404E27E82A0980EF009365CA /* String+Languages.swift in Sources */,
				40E876392A03B0770013038E /* Environment.swift in Sources */,
				40C4B3E12A1373F700BECD09 /* WebViewController+WKScriptMessageHandler.swift in Sources */,
				40B69DAC2A025D1C00DA03F4 /* GetivySDK.docc in Sources */,
				40F64E582A05524B006A6DAC /* PresentationUIHandler+Build.swift in Sources */,
				40E876412A03B0770013038E /* DataSessionApiService.swift in Sources */,
				40F64E562A0551F2006A6DAC /* PresentationUIHandler+UIHandler.swift in Sources */,
			);
			runOnlyForDeploymentPostprocessing = 0;
		};
		40D093DE2A01539800FBBB5A /* Sources */ = {
			isa = PBXSourcesBuildPhase;
			buildActionMask = 2147483647;
			files = (
			);
			runOnlyForDeploymentPostprocessing = 0;
		};
/* End PBXSourcesBuildPhase section */

/* Begin PBXTargetDependency section */
		40D093E52A01539800FBBB5A /* PBXTargetDependency */ = {
			isa = PBXTargetDependency;
			target = 40D093D72A01539800FBBB5A /* GetivySDK */;
			targetProxy = 40D093E42A01539800FBBB5A /* PBXContainerItemProxy */;
		};
/* End PBXTargetDependency section */

/* Begin PBXVariantGroup section */
		4015C6C62A09771A0000B0CE /* Localizable.strings */ = {
			isa = PBXVariantGroup;
			children = (
				4015C6C52A09771A0000B0CE /* en */,
				4015C6C72A0977A80000B0CE /* nl */,
				4015C6C82A0977B10000B0CE /* de */,
			);
			name = Localizable.strings;
			sourceTree = "<group>";
		};
/* End PBXVariantGroup section */

/* Begin XCBuildConfiguration section */
		40D093EA2A01539800FBBB5A /* Debug */ = {
			isa = XCBuildConfiguration;
			buildSettings = {
				ALWAYS_SEARCH_USER_PATHS = NO;
				CLANG_ANALYZER_LOCALIZABILITY_NONLOCALIZED = YES;
				CLANG_ANALYZER_NONNULL = YES;
				CLANG_ANALYZER_NUMBER_OBJECT_CONVERSION = YES_AGGRESSIVE;
				CLANG_CXX_LANGUAGE_STANDARD = "gnu++20";
				CLANG_ENABLE_MODULES = YES;
				CLANG_ENABLE_OBJC_ARC = YES;
				CLANG_ENABLE_OBJC_WEAK = YES;
				CLANG_WARN_BLOCK_CAPTURE_AUTORELEASING = YES;
				CLANG_WARN_BOOL_CONVERSION = YES;
				CLANG_WARN_COMMA = YES;
				CLANG_WARN_CONSTANT_CONVERSION = YES;
				CLANG_WARN_DEPRECATED_OBJC_IMPLEMENTATIONS = YES;
				CLANG_WARN_DIRECT_OBJC_ISA_USAGE = YES_ERROR;
				CLANG_WARN_DOCUMENTATION_COMMENTS = YES;
				CLANG_WARN_EMPTY_BODY = YES;
				CLANG_WARN_ENUM_CONVERSION = YES;
				CLANG_WARN_INFINITE_RECURSION = YES;
				CLANG_WARN_INT_CONVERSION = YES;
				CLANG_WARN_NON_LITERAL_NULL_CONVERSION = YES;
				CLANG_WARN_OBJC_IMPLICIT_RETAIN_SELF = YES;
				CLANG_WARN_OBJC_LITERAL_CONVERSION = YES;
				CLANG_WARN_OBJC_ROOT_CLASS = YES_ERROR;
				CLANG_WARN_QUOTED_INCLUDE_IN_FRAMEWORK_HEADER = YES;
				CLANG_WARN_RANGE_LOOP_ANALYSIS = YES;
				CLANG_WARN_STRICT_PROTOTYPES = YES;
				CLANG_WARN_SUSPICIOUS_MOVE = YES;
				CLANG_WARN_UNGUARDED_AVAILABILITY = YES_AGGRESSIVE;
				CLANG_WARN_UNREACHABLE_CODE = YES;
				CLANG_WARN__DUPLICATE_METHOD_MATCH = YES;
				COPY_PHASE_STRIP = NO;
				CURRENT_PROJECT_VERSION = 1;
				DEBUG_INFORMATION_FORMAT = dwarf;
				ENABLE_STRICT_OBJC_MSGSEND = YES;
				ENABLE_TESTABILITY = YES;
				GCC_C_LANGUAGE_STANDARD = gnu11;
				GCC_DYNAMIC_NO_PIC = NO;
				GCC_NO_COMMON_BLOCKS = YES;
				GCC_OPTIMIZATION_LEVEL = 0;
				GCC_PREPROCESSOR_DEFINITIONS = (
					"DEBUG=1",
					"$(inherited)",
				);
				GCC_WARN_64_TO_32_BIT_CONVERSION = YES;
				GCC_WARN_ABOUT_RETURN_TYPE = YES_ERROR;
				GCC_WARN_UNDECLARED_SELECTOR = YES;
				GCC_WARN_UNINITIALIZED_AUTOS = YES_AGGRESSIVE;
				GCC_WARN_UNUSED_FUNCTION = YES;
				GCC_WARN_UNUSED_VARIABLE = YES;
				IPHONEOS_DEPLOYMENT_TARGET = 16.2;
				MTL_ENABLE_DEBUG_INFO = INCLUDE_SOURCE;
				MTL_FAST_MATH = YES;
				ONLY_ACTIVE_ARCH = YES;
				SDKROOT = iphoneos;
				SWIFT_ACTIVE_COMPILATION_CONDITIONS = DEBUG;
				SWIFT_OPTIMIZATION_LEVEL = "-Onone";
				VERSIONING_SYSTEM = "apple-generic";
				VERSION_INFO_PREFIX = "";
			};
			name = Debug;
		};
		40D093EB2A01539800FBBB5A /* Release */ = {
			isa = XCBuildConfiguration;
			buildSettings = {
				ALWAYS_SEARCH_USER_PATHS = NO;
				CLANG_ANALYZER_LOCALIZABILITY_NONLOCALIZED = YES;
				CLANG_ANALYZER_NONNULL = YES;
				CLANG_ANALYZER_NUMBER_OBJECT_CONVERSION = YES_AGGRESSIVE;
				CLANG_CXX_LANGUAGE_STANDARD = "gnu++20";
				CLANG_ENABLE_MODULES = YES;
				CLANG_ENABLE_OBJC_ARC = YES;
				CLANG_ENABLE_OBJC_WEAK = YES;
				CLANG_WARN_BLOCK_CAPTURE_AUTORELEASING = YES;
				CLANG_WARN_BOOL_CONVERSION = YES;
				CLANG_WARN_COMMA = YES;
				CLANG_WARN_CONSTANT_CONVERSION = YES;
				CLANG_WARN_DEPRECATED_OBJC_IMPLEMENTATIONS = YES;
				CLANG_WARN_DIRECT_OBJC_ISA_USAGE = YES_ERROR;
				CLANG_WARN_DOCUMENTATION_COMMENTS = YES;
				CLANG_WARN_EMPTY_BODY = YES;
				CLANG_WARN_ENUM_CONVERSION = YES;
				CLANG_WARN_INFINITE_RECURSION = YES;
				CLANG_WARN_INT_CONVERSION = YES;
				CLANG_WARN_NON_LITERAL_NULL_CONVERSION = YES;
				CLANG_WARN_OBJC_IMPLICIT_RETAIN_SELF = YES;
				CLANG_WARN_OBJC_LITERAL_CONVERSION = YES;
				CLANG_WARN_OBJC_ROOT_CLASS = YES_ERROR;
				CLANG_WARN_QUOTED_INCLUDE_IN_FRAMEWORK_HEADER = YES;
				CLANG_WARN_RANGE_LOOP_ANALYSIS = YES;
				CLANG_WARN_STRICT_PROTOTYPES = YES;
				CLANG_WARN_SUSPICIOUS_MOVE = YES;
				CLANG_WARN_UNGUARDED_AVAILABILITY = YES_AGGRESSIVE;
				CLANG_WARN_UNREACHABLE_CODE = YES;
				CLANG_WARN__DUPLICATE_METHOD_MATCH = YES;
				COPY_PHASE_STRIP = NO;
				CURRENT_PROJECT_VERSION = 1;
				DEBUG_INFORMATION_FORMAT = "dwarf-with-dsym";
				ENABLE_NS_ASSERTIONS = NO;
				ENABLE_STRICT_OBJC_MSGSEND = YES;
				GCC_C_LANGUAGE_STANDARD = gnu11;
				GCC_NO_COMMON_BLOCKS = YES;
				GCC_WARN_64_TO_32_BIT_CONVERSION = YES;
				GCC_WARN_ABOUT_RETURN_TYPE = YES_ERROR;
				GCC_WARN_UNDECLARED_SELECTOR = YES;
				GCC_WARN_UNINITIALIZED_AUTOS = YES_AGGRESSIVE;
				GCC_WARN_UNUSED_FUNCTION = YES;
				GCC_WARN_UNUSED_VARIABLE = YES;
				IPHONEOS_DEPLOYMENT_TARGET = 16.2;
				MTL_ENABLE_DEBUG_INFO = NO;
				MTL_FAST_MATH = YES;
				SDKROOT = iphoneos;
				SWIFT_COMPILATION_MODE = wholemodule;
				SWIFT_OPTIMIZATION_LEVEL = "-O";
				VALIDATE_PRODUCT = YES;
				VERSIONING_SYSTEM = "apple-generic";
				VERSION_INFO_PREFIX = "";
			};
			name = Release;
		};
		40D093ED2A01539800FBBB5A /* Debug */ = {
			isa = XCBuildConfiguration;
			buildSettings = {
				CODE_SIGN_STYLE = Automatic;
				CURRENT_PROJECT_VERSION = 1;
				DEFINES_MODULE = YES;
				DYLIB_COMPATIBILITY_VERSION = 1;
				DYLIB_CURRENT_VERSION = 1;
				DYLIB_INSTALL_NAME_BASE = "@rpath";
				GENERATE_INFOPLIST_FILE = YES;
				INFOPLIST_KEY_NSHumanReadableCopyright = "";
				INSTALL_PATH = "$(LOCAL_LIBRARY_DIR)/Frameworks";
				IPHONEOS_DEPLOYMENT_TARGET = 11.4;
				LD_RUNPATH_SEARCH_PATHS = (
					"$(inherited)",
					"@executable_path/Frameworks",
					"@loader_path/Frameworks",
				);
				MARKETING_VERSION = 1.0;
				PRODUCT_BUNDLE_IDENTIFIER = com.getivy.GetivySDK;
				PRODUCT_NAME = "$(TARGET_NAME:c99extidentifier)";
				SKIP_INSTALL = YES;
				SWIFT_EMIT_LOC_STRINGS = YES;
				SWIFT_VERSION = 5.0;
				TARGETED_DEVICE_FAMILY = "1,2";
			};
			name = Debug;
		};
		40D093EE2A01539800FBBB5A /* Release */ = {
			isa = XCBuildConfiguration;
			buildSettings = {
				CODE_SIGN_STYLE = Automatic;
				CURRENT_PROJECT_VERSION = 1;
				DEFINES_MODULE = YES;
				DYLIB_COMPATIBILITY_VERSION = 1;
				DYLIB_CURRENT_VERSION = 1;
				DYLIB_INSTALL_NAME_BASE = "@rpath";
				GENERATE_INFOPLIST_FILE = YES;
				INFOPLIST_KEY_NSHumanReadableCopyright = "";
				INSTALL_PATH = "$(LOCAL_LIBRARY_DIR)/Frameworks";
				IPHONEOS_DEPLOYMENT_TARGET = 11.4;
				LD_RUNPATH_SEARCH_PATHS = (
					"$(inherited)",
					"@executable_path/Frameworks",
					"@loader_path/Frameworks",
				);
				MARKETING_VERSION = 1.0;
				PRODUCT_BUNDLE_IDENTIFIER = com.getivy.GetivySDK;
				PRODUCT_NAME = "$(TARGET_NAME:c99extidentifier)";
				SKIP_INSTALL = YES;
				SWIFT_EMIT_LOC_STRINGS = YES;
				SWIFT_VERSION = 5.0;
				TARGETED_DEVICE_FAMILY = "1,2";
			};
			name = Release;
		};
		40D093F02A01539800FBBB5A /* Debug */ = {
			isa = XCBuildConfiguration;
			buildSettings = {
				ALWAYS_EMBED_SWIFT_STANDARD_LIBRARIES = YES;
				CODE_SIGN_STYLE = Automatic;
				CURRENT_PROJECT_VERSION = 1;
				GENERATE_INFOPLIST_FILE = YES;
				MARKETING_VERSION = 1.0;
				PRODUCT_BUNDLE_IDENTIFIER = com.getivy.GetivySDKTests;
				PRODUCT_NAME = "$(TARGET_NAME)";
				SWIFT_EMIT_LOC_STRINGS = NO;
				SWIFT_VERSION = 5.0;
				TARGETED_DEVICE_FAMILY = "1,2";
			};
			name = Debug;
		};
		40D093F12A01539800FBBB5A /* Release */ = {
			isa = XCBuildConfiguration;
			buildSettings = {
				ALWAYS_EMBED_SWIFT_STANDARD_LIBRARIES = YES;
				CODE_SIGN_STYLE = Automatic;
				CURRENT_PROJECT_VERSION = 1;
				GENERATE_INFOPLIST_FILE = YES;
				MARKETING_VERSION = 1.0;
				PRODUCT_BUNDLE_IDENTIFIER = com.getivy.GetivySDKTests;
				PRODUCT_NAME = "$(TARGET_NAME)";
				SWIFT_EMIT_LOC_STRINGS = NO;
				SWIFT_VERSION = 5.0;
				TARGETED_DEVICE_FAMILY = "1,2";
			};
			name = Release;
		};
/* End XCBuildConfiguration section */

/* Begin XCConfigurationList section */
		40D093D22A01539800FBBB5A /* Build configuration list for PBXProject "GetivySDK" */ = {
			isa = XCConfigurationList;
			buildConfigurations = (
				40D093EA2A01539800FBBB5A /* Debug */,
				40D093EB2A01539800FBBB5A /* Release */,
			);
			defaultConfigurationIsVisible = 0;
			defaultConfigurationName = Release;
		};
		40D093EC2A01539800FBBB5A /* Build configuration list for PBXNativeTarget "GetivySDK" */ = {
			isa = XCConfigurationList;
			buildConfigurations = (
				40D093ED2A01539800FBBB5A /* Debug */,
				40D093EE2A01539800FBBB5A /* Release */,
			);
			defaultConfigurationIsVisible = 0;
			defaultConfigurationName = Release;
		};
		40D093EF2A01539800FBBB5A /* Build configuration list for PBXNativeTarget "GetivySDKTests" */ = {
			isa = XCConfigurationList;
			buildConfigurations = (
				40D093F02A01539800FBBB5A /* Debug */,
				40D093F12A01539800FBBB5A /* Release */,
			);
			defaultConfigurationIsVisible = 0;
			defaultConfigurationName = Release;
		};
/* End XCConfigurationList section */
	};
	rootObject = 40D093CF2A01539800FBBB5A /* Project object */;
}
